// !$*UTF8*$!
{
	archiveVersion = 1;
	classes = {
	};
	objectVersion = 56;
	objects = {

/* Begin PBXBuildFile section */
		8F6FE86F2A4AC511006ABCCB /* RickAndMortyApp.swift in Sources */ = {isa = PBXBuildFile; fileRef = 8F6FE86E2A4AC510006ABCCB /* RickAndMortyApp.swift */; };
		8F6FE8712A4AC511006ABCCB /* ContentView.swift in Sources */ = {isa = PBXBuildFile; fileRef = 8F6FE8702A4AC511006ABCCB /* ContentView.swift */; };
		8F6FE8732A4AC514006ABCCB /* Assets.xcassets in Resources */ = {isa = PBXBuildFile; fileRef = 8F6FE8722A4AC514006ABCCB /* Assets.xcassets */; };
		8F6FE8762A4AC514006ABCCB /* Preview Assets.xcassets in Resources */ = {isa = PBXBuildFile; fileRef = 8F6FE8752A4AC514006ABCCB /* Preview Assets.xcassets */; };
		8F6FE87F2A4AC915006ABCCB /* CharacterView.swift in Sources */ = {isa = PBXBuildFile; fileRef = 8F6FE87E2A4AC915006ABCCB /* CharacterView.swift */; };
		8FB704A12A4ACBD0009849E1 /* CharacterViewViewModel.swift in Sources */ = {isa = PBXBuildFile; fileRef = 8FB704A02A4ACBD0009849E1 /* CharacterViewViewModel.swift */; };
		8FB704A42A4ACCD2009849E1 /* SearchBar.swift in Sources */ = {isa = PBXBuildFile; fileRef = 8FB704A32A4ACCD2009849E1 /* SearchBar.swift */; };
		8FB704A72A4AD2BC009849E1 /* GlobalConstants.swift in Sources */ = {isa = PBXBuildFile; fileRef = 8FB704A62A4AD2BC009849E1 /* GlobalConstants.swift */; };
		8FB704AA2A4AD2FD009849E1 /* View+Extensions.swift in Sources */ = {isa = PBXBuildFile; fileRef = 8FB704A92A4AD2FD009849E1 /* View+Extensions.swift */; };
		8FB704AC2A4AD303009849E1 /* Color+Extensions.swift in Sources */ = {isa = PBXBuildFile; fileRef = 8FB704AB2A4AD303009849E1 /* Color+Extensions.swift */; };
		8FB704AE2A4AD30C009849E1 /* UIScreen+Extensions.swift in Sources */ = {isa = PBXBuildFile; fileRef = 8FB704AD2A4AD30C009849E1 /* UIScreen+Extensions.swift */; };
		8FB704B02A4AD313009849E1 /* Image+Extensions.swift in Sources */ = {isa = PBXBuildFile; fileRef = 8FB704AF2A4AD313009849E1 /* Image+Extensions.swift */; };
		8FB704B72A4AD865009849E1 /* CharacterViewService.swift in Sources */ = {isa = PBXBuildFile; fileRef = 8FB704B62A4AD865009849E1 /* CharacterViewService.swift */; };
		8FB704B92A4ADA8D009849E1 /* NetworkManager.swift in Sources */ = {isa = PBXBuildFile; fileRef = 8FB704B82A4ADA8D009849E1 /* NetworkManager.swift */; };
		8FB704BB2A4ADC04009849E1 /* ApiResponse.swift in Sources */ = {isa = PBXBuildFile; fileRef = 8FB704BA2A4ADC04009849E1 /* ApiResponse.swift */; };
		8FB704BD2A4ADFE1009849E1 /* Character.swift in Sources */ = {isa = PBXBuildFile; fileRef = 8FB704BC2A4ADFE1009849E1 /* Character.swift */; };
/* End PBXBuildFile section */

/* Begin PBXFileReference section */
		8F6FE86B2A4AC510006ABCCB /* RickAndMorty.app */ = {isa = PBXFileReference; explicitFileType = wrapper.application; includeInIndex = 0; path = RickAndMorty.app; sourceTree = BUILT_PRODUCTS_DIR; };
		8F6FE86E2A4AC510006ABCCB /* RickAndMortyApp.swift */ = {isa = PBXFileReference; lastKnownFileType = sourcecode.swift; path = RickAndMortyApp.swift; sourceTree = "<group>"; };
		8F6FE8702A4AC511006ABCCB /* ContentView.swift */ = {isa = PBXFileReference; lastKnownFileType = sourcecode.swift; path = ContentView.swift; sourceTree = "<group>"; };
		8F6FE8722A4AC514006ABCCB /* Assets.xcassets */ = {isa = PBXFileReference; lastKnownFileType = folder.assetcatalog; path = Assets.xcassets; sourceTree = "<group>"; };
		8F6FE8752A4AC514006ABCCB /* Preview Assets.xcassets */ = {isa = PBXFileReference; lastKnownFileType = folder.assetcatalog; path = "Preview Assets.xcassets"; sourceTree = "<group>"; };
		8F6FE87E2A4AC915006ABCCB /* CharacterView.swift */ = {isa = PBXFileReference; lastKnownFileType = sourcecode.swift; path = CharacterView.swift; sourceTree = "<group>"; };
		8FB704A02A4ACBD0009849E1 /* CharacterViewViewModel.swift */ = {isa = PBXFileReference; lastKnownFileType = sourcecode.swift; path = CharacterViewViewModel.swift; sourceTree = "<group>"; };
		8FB704A32A4ACCD2009849E1 /* SearchBar.swift */ = {isa = PBXFileReference; lastKnownFileType = sourcecode.swift; path = SearchBar.swift; sourceTree = "<group>"; };
		8FB704A62A4AD2BC009849E1 /* GlobalConstants.swift */ = {isa = PBXFileReference; lastKnownFileType = sourcecode.swift; path = GlobalConstants.swift; sourceTree = "<group>"; };
		8FB704A92A4AD2FD009849E1 /* View+Extensions.swift */ = {isa = PBXFileReference; fileEncoding = 4; lastKnownFileType = sourcecode.swift; path = "View+Extensions.swift"; sourceTree = "<group>"; };
		8FB704AB2A4AD303009849E1 /* Color+Extensions.swift */ = {isa = PBXFileReference; fileEncoding = 4; lastKnownFileType = sourcecode.swift; path = "Color+Extensions.swift"; sourceTree = "<group>"; };
		8FB704AD2A4AD30C009849E1 /* UIScreen+Extensions.swift */ = {isa = PBXFileReference; fileEncoding = 4; lastKnownFileType = sourcecode.swift; path = "UIScreen+Extensions.swift"; sourceTree = "<group>"; };
		8FB704AF2A4AD313009849E1 /* Image+Extensions.swift */ = {isa = PBXFileReference; fileEncoding = 4; lastKnownFileType = sourcecode.swift; path = "Image+Extensions.swift"; sourceTree = "<group>"; };
		8FB704B62A4AD865009849E1 /* CharacterViewService.swift */ = {isa = PBXFileReference; lastKnownFileType = sourcecode.swift; path = CharacterViewService.swift; sourceTree = "<group>"; };
		8FB704B82A4ADA8D009849E1 /* NetworkManager.swift */ = {isa = PBXFileReference; lastKnownFileType = sourcecode.swift; path = NetworkManager.swift; sourceTree = "<group>"; };
		8FB704BA2A4ADC04009849E1 /* ApiResponse.swift */ = {isa = PBXFileReference; lastKnownFileType = sourcecode.swift; path = ApiResponse.swift; sourceTree = "<group>"; };
		8FB704BC2A4ADFE1009849E1 /* Character.swift */ = {isa = PBXFileReference; lastKnownFileType = sourcecode.swift; path = Character.swift; sourceTree = "<group>"; };
/* End PBXFileReference section */

/* Begin PBXFrameworksBuildPhase section */
		8F6FE8682A4AC510006ABCCB /* Frameworks */ = {
			isa = PBXFrameworksBuildPhase;
			buildActionMask = 2147483647;
			files = (
			);
			runOnlyForDeploymentPostprocessing = 0;
		};
/* End PBXFrameworksBuildPhase section */

/* Begin PBXGroup section */
		8F6FE8622A4AC510006ABCCB = {
			isa = PBXGroup;
			children = (
				8F6FE86D2A4AC510006ABCCB /* RickAndMorty */,
				8F6FE86C2A4AC510006ABCCB /* Products */,
			);
			sourceTree = "<group>";
		};
		8F6FE86C2A4AC510006ABCCB /* Products */ = {
			isa = PBXGroup;
			children = (
				8F6FE86B2A4AC510006ABCCB /* RickAndMorty.app */,
			);
			name = Products;
			sourceTree = "<group>";
		};
		8F6FE86D2A4AC510006ABCCB /* RickAndMorty */ = {
			isa = PBXGroup;
			children = (
				8FB704B42A4AD809009849E1 /* Managers */,
				8FB704B32A4AD805009849E1 /* Models */,
				8FB704A52A4AD2AA009849E1 /* Utils */,
				8F6FE8802A4AC92E006ABCCB /* Views */,
				8F6FE86E2A4AC510006ABCCB /* RickAndMortyApp.swift */,
				8F6FE8702A4AC511006ABCCB /* ContentView.swift */,
				8F6FE8722A4AC514006ABCCB /* Assets.xcassets */,
				8F6FE8742A4AC514006ABCCB /* Preview Content */,
			);
			path = RickAndMorty;
			sourceTree = "<group>";
		};
		8F6FE8742A4AC514006ABCCB /* Preview Content */ = {
			isa = PBXGroup;
			children = (
				8F6FE8752A4AC514006ABCCB /* Preview Assets.xcassets */,
			);
			path = "Preview Content";
			sourceTree = "<group>";
		};
		8F6FE87C2A4AC8E5006ABCCB /* Character */ = {
			isa = PBXGroup;
			children = (
				8FB7049E2A4ACBA5009849E1 /* Views */,
				8FB7049F2A4ACBB2009849E1 /* View Model */,
				8FB704B22A4AD7CF009849E1 /* Service */,
			);
			path = Character;
			sourceTree = "<group>";
		};
		8F6FE8802A4AC92E006ABCCB /* Views */ = {
			isa = PBXGroup;
			children = (
				8F6FE87C2A4AC8E5006ABCCB /* Character */,
			);
			path = Views;
			sourceTree = "<group>";
		};
		8FB7049E2A4ACBA5009849E1 /* Views */ = {
			isa = PBXGroup;
			children = (
				8F6FE87E2A4AC915006ABCCB /* CharacterView.swift */,
			);
			path = Views;
			sourceTree = "<group>";
		};
		8FB7049F2A4ACBB2009849E1 /* View Model */ = {
			isa = PBXGroup;
			children = (
				8FB704A02A4ACBD0009849E1 /* CharacterViewViewModel.swift */,
			);
			name = "View Model";
			sourceTree = "<group>";
		};
		8FB704A22A4ACCC0009849E1 /* Helpers */ = {
			isa = PBXGroup;
			children = (
				8FB704A32A4ACCD2009849E1 /* SearchBar.swift */,
			);
			path = Helpers;
			sourceTree = "<group>";
		};
		8FB704A52A4AD2AA009849E1 /* Utils */ = {
			isa = PBXGroup;
			children = (
				8FB704A22A4ACCC0009849E1 /* Helpers */,
				8FB704A82A4AD2D1009849E1 /* Extensions */,
				8FB704A62A4AD2BC009849E1 /* GlobalConstants.swift */,
			);
			path = Utils;
			sourceTree = "<group>";
		};
		8FB704A82A4AD2D1009849E1 /* Extensions */ = {
			isa = PBXGroup;
			children = (
				8FB704AF2A4AD313009849E1 /* Image+Extensions.swift */,
				8FB704AD2A4AD30C009849E1 /* UIScreen+Extensions.swift */,
				8FB704AB2A4AD303009849E1 /* Color+Extensions.swift */,
				8FB704A92A4AD2FD009849E1 /* View+Extensions.swift */,
			);
			path = Extensions;
			sourceTree = "<group>";
		};
		8FB704B22A4AD7CF009849E1 /* Service */ = {
			isa = PBXGroup;
			children = (
				8FB704B62A4AD865009849E1 /* CharacterViewService.swift */,
			);
			path = Service;
			sourceTree = "<group>";
		};
		8FB704B32A4AD805009849E1 /* Models */ = {
			isa = PBXGroup;
			children = (
				8FB704BA2A4ADC04009849E1 /* ApiResponse.swift */,
				8FB704BC2A4ADFE1009849E1 /* Character.swift */,
			);
			path = Models;
			sourceTree = "<group>";
		};
		8FB704B42A4AD809009849E1 /* Managers */ = {
			isa = PBXGroup;
			children = (
				8FB704B52A4AD810009849E1 /* NetworkManager */,
			);
			path = Managers;
			sourceTree = "<group>";
		};
		8FB704B52A4AD810009849E1 /* NetworkManager */ = {
			isa = PBXGroup;
			children = (
				8FB704B82A4ADA8D009849E1 /* NetworkManager.swift */,
			);
			path = NetworkManager;
			sourceTree = "<group>";
		};
/* End PBXGroup section */

/* Begin PBXNativeTarget section */
		8F6FE86A2A4AC510006ABCCB /* RickAndMorty */ = {
			isa = PBXNativeTarget;
			buildConfigurationList = 8F6FE8792A4AC514006ABCCB /* Build configuration list for PBXNativeTarget "RickAndMorty" */;
			buildPhases = (
				8F6FE8672A4AC510006ABCCB /* Sources */,
				8F6FE8682A4AC510006ABCCB /* Frameworks */,
				8F6FE8692A4AC510006ABCCB /* Resources */,
			);
			buildRules = (
			);
			dependencies = (
			);
			name = RickAndMorty;
			productName = RickAndMorty;
			productReference = 8F6FE86B2A4AC510006ABCCB /* RickAndMorty.app */;
			productType = "com.apple.product-type.application";
		};
/* End PBXNativeTarget section */

/* Begin PBXProject section */
		8F6FE8632A4AC510006ABCCB /* Project object */ = {
			isa = PBXProject;
			attributes = {
				BuildIndependentTargetsInParallel = 1;
				LastSwiftUpdateCheck = 1420;
				LastUpgradeCheck = 1420;
				TargetAttributes = {
					8F6FE86A2A4AC510006ABCCB = {
						CreatedOnToolsVersion = 14.2;
					};
				};
			};
			buildConfigurationList = 8F6FE8662A4AC510006ABCCB /* Build configuration list for PBXProject "RickAndMorty" */;
			compatibilityVersion = "Xcode 14.0";
			developmentRegion = en;
			hasScannedForEncodings = 0;
			knownRegions = (
				en,
				Base,
			);
			mainGroup = 8F6FE8622A4AC510006ABCCB;
			productRefGroup = 8F6FE86C2A4AC510006ABCCB /* Products */;
			projectDirPath = "";
			projectRoot = "";
			targets = (
				8F6FE86A2A4AC510006ABCCB /* RickAndMorty */,
			);
		};
/* End PBXProject section */

/* Begin PBXResourcesBuildPhase section */
		8F6FE8692A4AC510006ABCCB /* Resources */ = {
			isa = PBXResourcesBuildPhase;
			buildActionMask = 2147483647;
			files = (
				8F6FE8762A4AC514006ABCCB /* Preview Assets.xcassets in Resources */,
				8F6FE8732A4AC514006ABCCB /* Assets.xcassets in Resources */,
			);
			runOnlyForDeploymentPostprocessing = 0;
		};
/* End PBXResourcesBuildPhase section */

/* Begin PBXSourcesBuildPhase section */
		8F6FE8672A4AC510006ABCCB /* Sources */ = {
			isa = PBXSourcesBuildPhase;
			buildActionMask = 2147483647;
			files = (
				8FB704B92A4ADA8D009849E1 /* NetworkManager.swift in Sources */,
				8F6FE87F2A4AC915006ABCCB /* CharacterView.swift in Sources */,
				8FB704B72A4AD865009849E1 /* CharacterViewService.swift in Sources */,
				8FB704B02A4AD313009849E1 /* Image+Extensions.swift in Sources */,
				8FB704AE2A4AD30C009849E1 /* UIScreen+Extensions.swift in Sources */,
				8FB704BB2A4ADC04009849E1 /* ApiResponse.swift in Sources */,
				8F6FE8712A4AC511006ABCCB /* ContentView.swift in Sources */,
				8FB704A42A4ACCD2009849E1 /* SearchBar.swift in Sources */,
				8FB704AC2A4AD303009849E1 /* Color+Extensions.swift in Sources */,
				8FB704BD2A4ADFE1009849E1 /* Character.swift in Sources */,
				8FB704AA2A4AD2FD009849E1 /* View+Extensions.swift in Sources */,
				8F6FE86F2A4AC511006ABCCB /* RickAndMortyApp.swift in Sources */,
				8FB704A72A4AD2BC009849E1 /* GlobalConstants.swift in Sources */,
				8FB704A12A4ACBD0009849E1 /* CharacterViewViewModel.swift in Sources */,
			);
			runOnlyForDeploymentPostprocessing = 0;
		};
/* End PBXSourcesBuildPhase section */

/* Begin XCBuildConfiguration section */
		8F6FE8772A4AC514006ABCCB /* Debug */ = {
			isa = XCBuildConfiguration;
			buildSettings = {
				ALWAYS_SEARCH_USER_PATHS = NO;
				CLANG_ANALYZER_NONNULL = YES;
				CLANG_ANALYZER_NUMBER_OBJECT_CONVERSION = YES_AGGRESSIVE;
				CLANG_CXX_LANGUAGE_STANDARD = "gnu++20";
				CLANG_ENABLE_MODULES = YES;
				CLANG_ENABLE_OBJC_ARC = YES;
				CLANG_ENABLE_OBJC_WEAK = YES;
				CLANG_WARN_BLOCK_CAPTURE_AUTORELEASING = YES;
				CLANG_WARN_BOOL_CONVERSION = YES;
				CLANG_WARN_COMMA = YES;
				CLANG_WARN_CONSTANT_CONVERSION = YES;
				CLANG_WARN_DEPRECATED_OBJC_IMPLEMENTATIONS = YES;
				CLANG_WARN_DIRECT_OBJC_ISA_USAGE = YES_ERROR;
				CLANG_WARN_DOCUMENTATION_COMMENTS = YES;
				CLANG_WARN_EMPTY_BODY = YES;
				CLANG_WARN_ENUM_CONVERSION = YES;
				CLANG_WARN_INFINITE_RECURSION = YES;
				CLANG_WARN_INT_CONVERSION = YES;
				CLANG_WARN_NON_LITERAL_NULL_CONVERSION = YES;
				CLANG_WARN_OBJC_IMPLICIT_RETAIN_SELF = YES;
				CLANG_WARN_OBJC_LITERAL_CONVERSION = YES;
				CLANG_WARN_OBJC_ROOT_CLASS = YES_ERROR;
				CLANG_WARN_QUOTED_INCLUDE_IN_FRAMEWORK_HEADER = YES;
				CLANG_WARN_RANGE_LOOP_ANALYSIS = YES;
				CLANG_WARN_STRICT_PROTOTYPES = YES;
				CLANG_WARN_SUSPICIOUS_MOVE = YES;
				CLANG_WARN_UNGUARDED_AVAILABILITY = YES_AGGRESSIVE;
				CLANG_WARN_UNREACHABLE_CODE = YES;
				CLANG_WARN__DUPLICATE_METHOD_MATCH = YES;
				COPY_PHASE_STRIP = NO;
				DEBUG_INFORMATION_FORMAT = dwarf;
				ENABLE_STRICT_OBJC_MSGSEND = YES;
				ENABLE_TESTABILITY = YES;
				GCC_C_LANGUAGE_STANDARD = gnu11;
				GCC_DYNAMIC_NO_PIC = NO;
				GCC_NO_COMMON_BLOCKS = YES;
				GCC_OPTIMIZATION_LEVEL = 0;
				GCC_PREPROCESSOR_DEFINITIONS = (
					"DEBUG=1",
					"$(inherited)",
				);
				GCC_WARN_64_TO_32_BIT_CONVERSION = YES;
				GCC_WARN_ABOUT_RETURN_TYPE = YES_ERROR;
				GCC_WARN_UNDECLARED_SELECTOR = YES;
				GCC_WARN_UNINITIALIZED_AUTOS = YES_AGGRESSIVE;
				GCC_WARN_UNUSED_FUNCTION = YES;
				GCC_WARN_UNUSED_VARIABLE = YES;
				IPHONEOS_DEPLOYMENT_TARGET = 16.2;
				MTL_ENABLE_DEBUG_INFO = INCLUDE_SOURCE;
				MTL_FAST_MATH = YES;
				ONLY_ACTIVE_ARCH = YES;
				SDKROOT = iphoneos;
				SWIFT_ACTIVE_COMPILATION_CONDITIONS = DEBUG;
				SWIFT_OPTIMIZATION_LEVEL = "-Onone";
			};
			name = Debug;
		};
		8F6FE8782A4AC514006ABCCB /* Release */ = {
			isa = XCBuildConfiguration;
			buildSettings = {
				ALWAYS_SEARCH_USER_PATHS = NO;
				CLANG_ANALYZER_NONNULL = YES;
				CLANG_ANALYZER_NUMBER_OBJECT_CONVERSION = YES_AGGRESSIVE;
				CLANG_CXX_LANGUAGE_STANDARD = "gnu++20";
				CLANG_ENABLE_MODULES = YES;
				CLANG_ENABLE_OBJC_ARC = YES;
				CLANG_ENABLE_OBJC_WEAK = YES;
				CLANG_WARN_BLOCK_CAPTURE_AUTORELEASING = YES;
				CLANG_WARN_BOOL_CONVERSION = YES;
				CLANG_WARN_COMMA = YES;
				CLANG_WARN_CONSTANT_CONVERSION = YES;
				CLANG_WARN_DEPRECATED_OBJC_IMPLEMENTATIONS = YES;
				CLANG_WARN_DIRECT_OBJC_ISA_USAGE = YES_ERROR;
				CLANG_WARN_DOCUMENTATION_COMMENTS = YES;
				CLANG_WARN_EMPTY_BODY = YES;
				CLANG_WARN_ENUM_CONVERSION = YES;
				CLANG_WARN_INFINITE_RECURSION = YES;
				CLANG_WARN_INT_CONVERSION = YES;
				CLANG_WARN_NON_LITERAL_NULL_CONVERSION = YES;
				CLANG_WARN_OBJC_IMPLICIT_RETAIN_SELF = YES;
				CLANG_WARN_OBJC_LITERAL_CONVERSION = YES;
				CLANG_WARN_OBJC_ROOT_CLASS = YES_ERROR;
				CLANG_WARN_QUOTED_INCLUDE_IN_FRAMEWORK_HEADER = YES;
				CLANG_WARN_RANGE_LOOP_ANALYSIS = YES;
				CLANG_WARN_STRICT_PROTOTYPES = YES;
				CLANG_WARN_SUSPICIOUS_MOVE = YES;
				CLANG_WARN_UNGUARDED_AVAILABILITY = YES_AGGRESSIVE;
				CLANG_WARN_UNREACHABLE_CODE = YES;
				CLANG_WARN__DUPLICATE_METHOD_MATCH = YES;
				COPY_PHASE_STRIP = NO;
				DEBUG_INFORMATION_FORMAT = "dwarf-with-dsym";
				ENABLE_NS_ASSERTIONS = NO;
				ENABLE_STRICT_OBJC_MSGSEND = YES;
				GCC_C_LANGUAGE_STANDARD = gnu11;
				GCC_NO_COMMON_BLOCKS = YES;
				GCC_WARN_64_TO_32_BIT_CONVERSION = YES;
				GCC_WARN_ABOUT_RETURN_TYPE = YES_ERROR;
				GCC_WARN_UNDECLARED_SELECTOR = YES;
				GCC_WARN_UNINITIALIZED_AUTOS = YES_AGGRESSIVE;
				GCC_WARN_UNUSED_FUNCTION = YES;
				GCC_WARN_UNUSED_VARIABLE = YES;
				IPHONEOS_DEPLOYMENT_TARGET = 16.2;
				MTL_ENABLE_DEBUG_INFO = NO;
				MTL_FAST_MATH = YES;
				SDKROOT = iphoneos;
				SWIFT_COMPILATION_MODE = wholemodule;
				SWIFT_OPTIMIZATION_LEVEL = "-O";
				VALIDATE_PRODUCT = YES;
			};
			name = Release;
		};
		8F6FE87A2A4AC514006ABCCB /* Debug */ = {
			isa = XCBuildConfiguration;
			buildSettings = {
				ASSETCATALOG_COMPILER_APPICON_NAME = AppIcon;
				ASSETCATALOG_COMPILER_GLOBAL_ACCENT_COLOR_NAME = AccentColor;
				CODE_SIGN_STYLE = Automatic;
				CURRENT_PROJECT_VERSION = 1;
				DEVELOPMENT_ASSET_PATHS = "\"RickAndMorty/Preview Content\"";
				DEVELOPMENT_TEAM = S96VKJ35F5;
				ENABLE_PREVIEWS = YES;
				GENERATE_INFOPLIST_FILE = YES;
				INFOPLIST_KEY_UIApplicationSceneManifest_Generation = YES;
				INFOPLIST_KEY_UIApplicationSupportsIndirectInputEvents = YES;
				INFOPLIST_KEY_UILaunchScreen_Generation = YES;
				INFOPLIST_KEY_UISupportedInterfaceOrientations_iPad = "UIInterfaceOrientationPortrait UIInterfaceOrientationPortraitUpsideDown UIInterfaceOrientationLandscapeLeft UIInterfaceOrientationLandscapeRight";
				INFOPLIST_KEY_UISupportedInterfaceOrientations_iPhone = "UIInterfaceOrientationPortrait UIInterfaceOrientationLandscapeLeft UIInterfaceOrientationLandscapeRight";
				LD_RUNPATH_SEARCH_PATHS = (
					"$(inherited)",
					"@executable_path/Frameworks",
				);
				MARKETING_VERSION = 1.0;
				PRODUCT_BUNDLE_IDENTIFIER = com.rohitlama.RickAndMorty;
				PRODUCT_NAME = "$(TARGET_NAME)";
				SWIFT_EMIT_LOC_STRINGS = YES;
				SWIFT_VERSION = 5.0;
				TARGETED_DEVICE_FAMILY = "1,2";
			};
			name = Debug;
		};
		8F6FE87B2A4AC514006ABCCB /* Release */ = {
			isa = XCBuildConfiguration;
			buildSettings = {
				ASSETCATALOG_COMPILER_APPICON_NAME = AppIcon;
				ASSETCATALOG_COMPILER_GLOBAL_ACCENT_COLOR_NAME = AccentColor;
				CODE_SIGN_STYLE = Automatic;
				CURRENT_PROJECT_VERSION = 1;
				DEVELOPMENT_ASSET_PATHS = "\"RickAndMorty/Preview Content\"";
				DEVELOPMENT_TEAM = S96VKJ35F5;
				ENABLE_PREVIEWS = YES;
				GENERATE_INFOPLIST_FILE = YES;
				INFOPLIST_KEY_UIApplicationSceneManifest_Generation = YES;
				INFOPLIST_KEY_UIApplicationSupportsIndirectInputEvents = YES;
				INFOPLIST_KEY_UILaunchScreen_Generation = YES;
				INFOPLIST_KEY_UISupportedInterfaceOrientations_iPad = "UIInterfaceOrientationPortrait UIInterfaceOrientationPortraitUpsideDown UIInterfaceOrientationLandscapeLeft UIInterfaceOrientationLandscapeRight";
				INFOPLIST_KEY_UISupportedInterfaceOrientations_iPhone = "UIInterfaceOrientationPortrait UIInterfaceOrientationLandscapeLeft UIInterfaceOrientationLandscapeRight";
				LD_RUNPATH_SEARCH_PATHS = (
					"$(inherited)",
					"@executable_path/Frameworks",
				);
				MARKETING_VERSION = 1.0;
				PRODUCT_BUNDLE_IDENTIFIER = com.rohitlama.RickAndMorty;
				PRODUCT_NAME = "$(TARGET_NAME)";
				SWIFT_EMIT_LOC_STRINGS = YES;
				SWIFT_VERSION = 5.0;
				TARGETED_DEVICE_FAMILY = "1,2";
			};
			name = Release;
		};
/* End XCBuildConfiguration section */

/* Begin XCConfigurationList section */
		8F6FE8662A4AC510006ABCCB /* Build configuration list for PBXProject "RickAndMorty" */ = {
			isa = XCConfigurationList;
			buildConfigurations = (
				8F6FE8772A4AC514006ABCCB /* Debug */,
				8F6FE8782A4AC514006ABCCB /* Release */,
			);
			defaultConfigurationIsVisible = 0;
			defaultConfigurationName = Release;
		};
		8F6FE8792A4AC514006ABCCB /* Build configuration list for PBXNativeTarget "RickAndMorty" */ = {
			isa = XCConfigurationList;
			buildConfigurations = (
				8F6FE87A2A4AC514006ABCCB /* Debug */,
				8F6FE87B2A4AC514006ABCCB /* Release */,
			);
			defaultConfigurationIsVisible = 0;
			defaultConfigurationName = Release;
		};
/* End XCConfigurationList section */
	};
	rootObject = 8F6FE8632A4AC510006ABCCB /* Project object */;
}
